
Microsoft Visual Studio Solution File, Format Version 12.00
# Visual Studio Version 17
VisualStudioVersion = 17.2.32630.192
MinimumVisualStudioVersion = 10.0.40219.1
Project("{FAE04EC0-301F-11D3-BF4B-00C04F79EFBC}") = "BsaMobileTest.Android", "bsaMobileTest.Android\BsaMobileTest.Android.csproj", "{F46599E8-29B4-48B1-A797-F93C8176BCFC}"
EndProject
Project("{FAE04EC0-301F-11D3-BF4B-00C04F79EFBC}") = "BsaMobileTest.iOS", "bsaMobileTest.iOS\BsaMobileTest.iOS.csproj", "{370484FD-E4CB-40F5-8550-9E705D6EB8B2}"
EndProject
Project("{9A19103F-16F7-4668-BE54-9A1E7A4F7556}") = "BsaMobileTest", "bsaMobileTest\BsaMobileTest.csproj", "{4B4A6643-CA63-49AE-9638-532E3DA6394E}"
EndProject
Global
	GlobalSection(SolutionConfigurationPlatforms) = preSolution
		Debug|Any CPU = Debug|Any CPU
		Debug|iPhone = Debug|iPhone
		Debug|iPhoneSimulator = Debug|iPhoneSimulator
		Release|Any CPU = Release|Any CPU
		Release|iPhone = Release|iPhone
		Release|iPhoneSimulator = Release|iPhoneSimulator
	EndGlobalSection
	GlobalSection(ProjectConfigurationPlatforms) = postSolution
		{F46599E8-29B4-48B1-A797-F93C8176BCFC}.Debug|Any CPU.ActiveCfg = Debug|Any CPU
		{F46599E8-29B4-48B1-A797-F93C8176BCFC}.Debug|Any CPU.Build.0 = Debug|Any CPU
		{F46599E8-29B4-48B1-A797-F93C8176BCFC}.Debug|Any CPU.Deploy.0 = Debug|Any CPU
		{F46599E8-29B4-48B1-A797-F93C8176BCFC}.Debug|iPhone.ActiveCfg = Debug|Any CPU
		{F46599E8-29B4-48B1-A797-F93C8176BCFC}.Debug|iPhone.Build.0 = Debug|Any CPU
		{F46599E8-29B4-48B1-A797-F93C8176BCFC}.Debug|iPhone.Deploy.0 = Debug|Any CPU
		{F46599E8-29B4-48B1-A797-F93C8176BCFC}.Debug|iPhoneSimulator.ActiveCfg = Debug|Any CPU
		{F46599E8-29B4-48B1-A797-F93C8176BCFC}.Debug|iPhoneSimulator.Build.0 = Debug|Any CPU
		{F46599E8-29B4-48B1-A797-F93C8176BCFC}.Debug|iPhoneSimulator.Deploy.0 = Debug|Any CPU
		{F46599E8-29B4-48B1-A797-F93C8176BCFC}.Release|Any CPU.ActiveCfg = Release|Any CPU
		{F46599E8-29B4-48B1-A797-F93C8176BCFC}.Release|Any CPU.Build.0 = Release|Any CPU
		{F46599E8-29B4-48B1-A797-F93C8176BCFC}.Release|Any CPU.Deploy.0 = Release|Any CPU
		{F46599E8-29B4-48B1-A797-F93C8176BCFC}.Release|iPhone.ActiveCfg = Release|Any CPU
		{F46599E8-29B4-48B1-A797-F93C8176BCFC}.Release|iPhone.Build.0 = Release|Any CPU
		{F46599E8-29B4-48B1-A797-F93C8176BCFC}.Release|iPhone.Deploy.0 = Release|Any CPU
		{F46599E8-29B4-48B1-A797-F93C8176BCFC}.Release|iPhoneSimulator.ActiveCfg = Release|Any CPU
		{F46599E8-29B4-48B1-A797-F93C8176BCFC}.Release|iPhoneSimulator.Build.0 = Release|Any CPU
		{F46599E8-29B4-48B1-A797-F93C8176BCFC}.Release|iPhoneSimulator.Deploy.0 = Release|Any CPU
		{370484FD-E4CB-40F5-8550-9E705D6EB8B2}.Debug|Any CPU.ActiveCfg = Debug|iPhone
		{370484FD-E4CB-40F5-8550-9E705D6EB8B2}.Debug|Any CPU.Build.0 = Debug|iPhone
		{370484FD-E4CB-40F5-8550-9E705D6EB8B2}.Debug|Any CPU.Deploy.0 = Debug|iPhone
		{370484FD-E4CB-40F5-8550-9E705D6EB8B2}.Debug|iPhone.ActiveCfg = Debug|iPhone
		{370484FD-E4CB-40F5-8550-9E705D6EB8B2}.Debug|iPhone.Build.0 = Debug|iPhone
		{370484FD-E4CB-40F5-8550-9E705D6EB8B2}.Debug|iPhone.Deploy.0 = Debug|iPhone
		{370484FD-E4CB-40F5-8550-9E705D6EB8B2}.Debug|iPhoneSimulator.ActiveCfg = Debug|iPhoneSimulator
		{370484FD-E4CB-40F5-8550-9E705D6EB8B2}.Debug|iPhoneSimulator.Build.0 = Debug|iPhoneSimulator
		{370484FD-E4CB-40F5-8550-9E705D6EB8B2}.Debug|iPhoneSimulator.Deploy.0 = Debug|iPhoneSimulator
		{370484FD-E4CB-40F5-8550-9E705D6EB8B2}.Release|Any CPU.ActiveCfg = Release|iPhoneSimulator
		{370484FD-E4CB-40F5-8550-9E705D6EB8B2}.Release|Any CPU.Build.0 = Release|iPhoneSimulator
		{370484FD-E4CB-40F5-8550-9E705D6EB8B2}.Release|Any CPU.Deploy.0 = Release|iPhoneSimulator
		{370484FD-E4CB-40F5-8550-9E705D6EB8B2}.Release|iPhone.ActiveCfg = Release|iPhone
		{370484FD-E4CB-40F5-8550-9E705D6EB8B2}.Release|iPhone.Build.0 = Release|iPhone
		{370484FD-E4CB-40F5-8550-9E705D6EB8B2}.Release|iPhone.Deploy.0 = Release|iPhone
		{370484FD-E4CB-40F5-8550-9E705D6EB8B2}.Release|iPhoneSimulator.ActiveCfg = Release|iPhoneSimulator
		{370484FD-E4CB-40F5-8550-9E705D6EB8B2}.Release|iPhoneSimulator.Build.0 = Release|iPhoneSimulator
		{370484FD-E4CB-40F5-8550-9E705D6EB8B2}.Release|iPhoneSimulator.Deploy.0 = Release|iPhoneSimulator
		{4B4A6643-CA63-49AE-9638-532E3DA6394E}.Debug|Any CPU.ActiveCfg = Debug|Any CPU
		{4B4A6643-CA63-49AE-9638-532E3DA6394E}.Debug|Any CPU.Build.0 = Debug|Any CPU
		{4B4A6643-CA63-49AE-9638-532E3DA6394E}.Debug|Any CPU.Deploy.0 = Debug|Any CPU
		{4B4A6643-CA63-49AE-9638-532E3DA6394E}.Debug|iPhone.ActiveCfg = Debug|Any CPU
		{4B4A6643-CA63-49AE-9638-532E3DA6394E}.Debug|iPhone.Build.0 = Debug|Any CPU
		{4B4A6643-CA63-49AE-9638-532E3DA6394E}.Debug|iPhone.Deploy.0 = Debug|Any CPU
		{4B4A6643-CA63-49AE-9638-532E3DA6394E}.Debug|iPhoneSimulator.ActiveCfg = Debug|Any CPU
		{4B4A6643-CA63-49AE-9638-532E3DA6394E}.Debug|iPhoneSimulator.Build.0 = Debug|Any CPU
		{4B4A6643-CA63-49AE-9638-532E3DA6394E}.Debug|iPhoneSimulator.Deploy.0 = Debug|Any CPU
		{4B4A6643-CA63-49AE-9638-532E3DA6394E}.Release|Any CPU.ActiveCfg = Release|Any CPU
		{4B4A6643-CA63-49AE-9638-532E3DA6394E}.Release|Any CPU.Build.0 = Release|Any CPU
		{4B4A6643-CA63-49AE-9638-532E3DA6394E}.Release|Any CPU.Deploy.0 = Release|Any CPU
		{4B4A6643-CA63-49AE-9638-532E3DA6394E}.Release|iPhone.ActiveCfg = Release|Any CPU
		{4B4A6643-CA63-49AE-9638-532E3DA6394E}.Release|iPhone.Build.0 = Release|Any CPU
		{4B4A6643-CA63-49AE-9638-532E3DA6394E}.Release|iPhone.Deploy.0 = Release|Any CPU
		{4B4A6643-CA63-49AE-9638-532E3DA6394E}.Release|iPhoneSimulator.ActiveCfg = Release|Any CPU
		{4B4A6643-CA63-49AE-9638-532E3DA6394E}.Release|iPhoneSimulator.Build.0 = Release|Any CPU
		{4B4A6643-CA63-49AE-9638-532E3DA6394E}.Release|iPhoneSimulator.Deploy.0 = Release|Any CPU
	EndGlobalSection
	GlobalSection(SolutionProperties) = preSolution
		HideSolutionNode = FALSE
	EndGlobalSection
	GlobalSection(ExtensibilityGlobals) = postSolution
		SolutionGuid = {5FDAD0A2-7726-408A-A94C-C95C0B67B54E}
	EndGlobalSection
EndGlobal
